Microsoft Visual Studio Solution File, Format Version 12.00
# Visual Studio Version 17
VisualStudioVersion = 17.5.2.0
MinimumVisualStudioVersion = 10.0.40219.1
Project("{2150E333-8FDC-42A3-9474-1A3956D46DE8}") = "Day01", "Day01", "{5FAA681D-7DC8-7904-DD6E-A3063CD0D78E}"
EndProject
Project("{FAE04EC0-301F-11D3-BF4B-00C04F79EFBC}") = "Solution1", "Day01\Solution1\Solution1.csproj", "{61FC91B9-F4A3-3FD8-3B29-AC6BB8A3F1E1}"
EndProject
Project("{FAE04EC0-301F-11D3-BF4B-00C04F79EFBC}") = "Solution2", "Day01\Solution2\Solution2.csproj", "{50345C55-CCE1-AA38-9486-280D7E9DCDCC}"
EndProject
Global
	GlobalSection(SolutionConfigurationPlatforms) = preSolution
		Debug|Any CPU = Debug|Any CPU
		Release|Any CPU = Release|Any CPU
	EndGlobalSection
	GlobalSection(ProjectConfigurationPlatforms) = postSolution
		{61FC91B9-F4A3-3FD8-3B29-AC6BB8A3F1E1}.Debug|Any CPU.ActiveCfg = Debug|Any CPU
		{61FC91B9-F4A3-3FD8-3B29-AC6BB8A3F1E1}.Debug|Any CPU.Build.0 = Debug|Any CPU
		{61FC91B9-F4A3-3FD8-3B29-AC6BB8A3F1E1}.Release|Any CPU.ActiveCfg = Release|Any CPU
		{61FC91B9-F4A3-3FD8-3B29-AC6BB8A3F1E1}.Release|Any CPU.Build.0 = Release|Any CPU
		{50345C55-CCE1-AA38-9486-280D7E9DCDCC}.Debug|Any CPU.ActiveCfg = Debug|Any CPU
		{50345C55-CCE1-AA38-9486-280D7E9DCDCC}.Debug|Any CPU.Build.0 = Debug|Any CPU
		{50345C55-CCE1-AA38-9486-280D7E9DCDCC}.Release|Any CPU.ActiveCfg = Release|Any CPU
		{50345C55-CCE1-AA38-9486-280D7E9DCDCC}.Release|Any CPU.Build.0 = Release|Any CPU
	EndGlobalSection
	GlobalSection(SolutionProperties) = preSolution
		HideSolutionNode = FALSE
	EndGlobalSection
	GlobalSection(NestedProjects) = preSolution
		{61FC91B9-F4A3-3FD8-3B29-AC6BB8A3F1E1} = {5FAA681D-7DC8-7904-DD6E-A3063CD0D78E}
		{50345C55-CCE1-AA38-9486-280D7E9DCDCC} = {5FAA681D-7DC8-7904-DD6E-A3063CD0D78E}
	EndGlobalSection
	GlobalSection(ExtensibilityGlobals) = postSolution
		SolutionGuid = {4914175A-679E-49EB-BD98-824187A32B9F}
	EndGlobalSection
EndGlobal
